# THIS IS AN AUTOGENERATED FILE. DO NOT EDIT THIS FILE DIRECTLY.
# yarn lockfile v1


bootstrap@4.0.0-alpha.6:
  version "4.0.0-alpha.6"
  resolved "https://registry.yarnpkg.com/bootstrap/-/bootstrap-4.0.0-alpha.6.tgz#4f54dd33ac0deac3b28407bc2df7ec608869c9c8"
  dependencies:
    jquery ">=1.9.1"
    tether "^1.4.0"

fontawesome5-webfont@^5.0.4:
  version "5.0.4"
  resolved "https://registry.yarnpkg.com/fontawesome5-webfont/-/fontawesome5-webfont-5.0.4.tgz#f392cee1529e6dd81f1e103be8cc6c3522282995"

jquery@>=1.9.1, jquery@^3.5.0:
  version "3.5.0"
  resolved "https://registry.yarnpkg.com/jquery/-/jquery-3.5.0.tgz#9980b97d9e4194611c36530e7dc46a58d7340fc9"

opensans-npm-webfont@^1.0.0:
  version "1.0.0"
  resolved "https://registry.yarnpkg.com/opensans-npm-webfont/-/opensans-npm-webfont-1.0.0.tgz#910c8e525887b47eb8a6795846138a0cbac15a47"

tether@^1.4.0:
  version "1.4.3"
  resolved "https://registry.yarnpkg.com/tether/-/tether-1.4.3.tgz#fd547024c47b6e5c9b87e1880f997991a9a6ad54"
